
Microsoft Visual Studio Solution File, Format Version 12.00
# Visual Studio Version 17
VisualStudioVersion = 17.1.32319.34
MinimumVisualStudioVersion = 10.0.40219.1
Project("{FAE04EC0-301F-11D3-BF4B-00C04F79EFBC}") = "QuanLyQuanCafe", "QuanLyQuanCafe\QuanLyQuanCafe.csproj", "{01E3871E-B9DB-4C91-835C-92BAE4273EBD}"
EndProject
Global
	GlobalSection(SolutionConfigurationPlatforms) = preSolution
		Debug|Any CPU = Debug|Any CPU
		Release|Any CPU = Release|Any CPU
	EndGlobalSection
	GlobalSection(ProjectConfigurationPlatforms) = postSolution
		{01E3871E-B9DB-4C91-835C-92BAE4273EBD}.Debug|Any CPU.ActiveCfg = Debug|Any CPU
		{01E3871E-B9DB-4C91-835C-92BAE4273EBD}.Debug|Any CPU.Build.0 = Debug|Any CPU
		{01E3871E-B9DB-4C91-835C-92BAE4273EBD}.Release|Any CPU.ActiveCfg = Release|Any CPU
		{01E3871E-B9DB-4C91-835C-92BAE4273EBD}.Release|Any CPU.Build.0 = Release|Any CPU
	EndGlobalSection
	GlobalSection(SolutionProperties) = preSolution
		HideSolutionNode = FALSE
	EndGlobalSection
	GlobalSection(ExtensibilityGlobals) = postSolution
		SolutionGuid = {988F4D6E-C367-43D4-821A-D15014336B29}
	EndGlobalSection
EndGlobal
